
Microsoft Visual Studio Solution File, Format Version 12.00
# Visual Studio 15
VisualStudioVersion = 15.0.27130.2036
MinimumVisualStudioVersion = 10.0.40219.1
Project("{202899A3-C531-4771-9089-0213D66978AE}") = "ScopeApplication2", "ScopeApplication2\ScopeApplication2.scopeproj", "{587D263B-217E-447D-8570-B703D52DEA47}"
EndProject
Project("{16730046-AB7A-431B-B756-05245A4DDAE1}") = "iScopeProject1", "iScopeProject1\iScopeProject1.iscopeproj", "{BDBAA3F8-1BB4-4117-B51F-B6A250991011}"
EndProject
Global
	GlobalSection(SolutionConfigurationPlatforms) = preSolution
		Debug|Any CPU = Debug|Any CPU
		Debug|x64 = Debug|x64
		Debug|x86 = Debug|x86
		Release|Any CPU = Release|Any CPU
		Release|x64 = Release|x64
		Release|x86 = Release|x86
	EndGlobalSection
	GlobalSection(ProjectConfigurationPlatforms) = postSolution
		{587D263B-217E-447D-8570-B703D52DEA47}.Debug|Any CPU.ActiveCfg = Debug|Any CPU
		{587D263B-217E-447D-8570-B703D52DEA47}.Debug|Any CPU.Build.0 = Debug|Any CPU
		{587D263B-217E-447D-8570-B703D52DEA47}.Debug|x64.ActiveCfg = Debug|x64
		{587D263B-217E-447D-8570-B703D52DEA47}.Debug|x64.Build.0 = Debug|x64
		{587D263B-217E-447D-8570-B703D52DEA47}.Debug|x86.ActiveCfg = Debug|x86
		{587D263B-217E-447D-8570-B703D52DEA47}.Debug|x86.Build.0 = Debug|x86
		{587D263B-217E-447D-8570-B703D52DEA47}.Release|Any CPU.ActiveCfg = Release|Any CPU
		{587D263B-217E-447D-8570-B703D52DEA47}.Release|Any CPU.Build.0 = Release|Any CPU
		{587D263B-217E-447D-8570-B703D52DEA47}.Release|x64.ActiveCfg = Release|x64
		{587D263B-217E-447D-8570-B703D52DEA47}.Release|x64.Build.0 = Release|x64
		{587D263B-217E-447D-8570-B703D52DEA47}.Release|x86.ActiveCfg = Release|x86
		{587D263B-217E-447D-8570-B703D52DEA47}.Release|x86.Build.0 = Release|x86
		{BDBAA3F8-1BB4-4117-B51F-B6A250991011}.Debug|Any CPU.ActiveCfg = Debug|Any CPU
		{BDBAA3F8-1BB4-4117-B51F-B6A250991011}.Debug|Any CPU.Build.0 = Debug|Any CPU
		{BDBAA3F8-1BB4-4117-B51F-B6A250991011}.Debug|x64.ActiveCfg = Debug|x64
		{BDBAA3F8-1BB4-4117-B51F-B6A250991011}.Debug|x64.Build.0 = Debug|x64
		{BDBAA3F8-1BB4-4117-B51F-B6A250991011}.Debug|x86.ActiveCfg = Debug|x86
		{BDBAA3F8-1BB4-4117-B51F-B6A250991011}.Debug|x86.Build.0 = Debug|x86
		{BDBAA3F8-1BB4-4117-B51F-B6A250991011}.Release|Any CPU.ActiveCfg = Release|Any CPU
		{BDBAA3F8-1BB4-4117-B51F-B6A250991011}.Release|Any CPU.Build.0 = Release|Any CPU
		{BDBAA3F8-1BB4-4117-B51F-B6A250991011}.Release|x64.ActiveCfg = Release|x64
		{BDBAA3F8-1BB4-4117-B51F-B6A250991011}.Release|x64.Build.0 = Release|x64
		{BDBAA3F8-1BB4-4117-B51F-B6A250991011}.Release|x86.ActiveCfg = Release|x86
		{BDBAA3F8-1BB4-4117-B51F-B6A250991011}.Release|x86.Build.0 = Release|x86
	EndGlobalSection
	GlobalSection(SolutionProperties) = preSolution
		HideSolutionNode = FALSE
	EndGlobalSection
	GlobalSection(ExtensibilityGlobals) = postSolution
		SolutionGuid = {B8DA238F-7361-4E16-8E65-11F8F30900E0}
	EndGlobalSection
EndGlobal
